
Microsoft Visual Studio Solution File, Format Version 12.00
# Visual Studio Version 17
VisualStudioVersion = 17.5.33424.131
MinimumVisualStudioVersion = 10.0.40219.1
Project("{FAE04EC0-301F-11D3-BF4B-00C04F79EFBC}") = "WebApplication4", "WebApplication4.csproj", "{0AF0AC97-45D3-4441-9B95-00C42C58DBAA}"
EndProject
Global
	GlobalSection(SolutionConfigurationPlatforms) = preSolution
		Debug|Any CPU = Debug|Any CPU
		Release|Any CPU = Release|Any CPU
	EndGlobalSection
	GlobalSection(ProjectConfigurationPlatforms) = postSolution
		{0AF0AC97-45D3-4441-9B95-00C42C58DBAA}.Debug|Any CPU.ActiveCfg = Debug|Any CPU
		{0AF0AC97-45D3-4441-9B95-00C42C58DBAA}.Debug|Any CPU.Build.0 = Debug|Any CPU
		{0AF0AC97-45D3-4441-9B95-00C42C58DBAA}.Release|Any CPU.ActiveCfg = Release|Any CPU
		{0AF0AC97-45D3-4441-9B95-00C42C58DBAA}.Release|Any CPU.Build.0 = Release|Any CPU
	EndGlobalSection
	GlobalSection(SolutionProperties) = preSolution
		HideSolutionNode = FALSE
	EndGlobalSection
	GlobalSection(ExtensibilityGlobals) = postSolution
		SolutionGuid = {BCB20935-325C-4B73-B5D8-93467CD22918}
	EndGlobalSection
EndGlobal
